{
    "_readme": [
        "This file locks the dependencies of your project to a known state",
        "Read more about it at https://getcomposer.org/doc/01-basic-usage.md#installing-dependencies",
        "This file is @generated automatically"
    ],
    "content-hash": "5943e4cb0b26f102c264fe8bd78c1ffa",
    "packages": [
        {
            "name": "graham-campbell/result-type",
            "version": "v1.0.4",
            "source": {
                "type": "git",
                "url": "https://github.com/GrahamCampbell/Result-Type.git",
                "reference": "0690bde05318336c7221785f2a932467f98b64ca"
            },
            "dist": {
                "type": "zip",
                "url": "https://api.github.com/repos/GrahamCampbell/Result-Type/zipball/0690bde05318336c7221785f2a932467f98b64ca",
                "reference": "0690bde05318336c7221785f2a932467f98b64ca",
                "shasum": ""
            },
            "require": {
                "php": "^7.0 || ^8.0",
                "phpoption/phpoption": "^1.8"
            },
            "require-dev": {
                "phpunit/phpunit": "^6.5.14 || ^7.5.20 || ^8.5.19 || ^9.5.8"
            },
            "type": "library",
            "autoload": {
                "psr-4": {
                    "GrahamCampbell\\ResultType\\": "src/"
                }
            },
            "notification-url": "https://packagist.org/downloads/",
            "license": [
                "MIT"
            ],
            "authors": [
                {
                    "name": "Graham Campbell",
                    "email": "hello@gjcampbell.co.uk",
                    "homepage": "https://github.com/GrahamCampbell"
                }
            ],
            "description": "An Implementation Of The Result Type",
            "keywords": [
                "Graham Campbell",
                "GrahamCampbell",
                "Result Type",
                "Result-Type",
                "result"
            ],
            "support": {
                "issues": "https://github.com/GrahamCampbell/Result-Type/issues",
                "source": "https://github.com/GrahamCampbell/Result-Type/tree/v1.0.4"
            },
            "funding": [
                {
                    "url": "https://github.com/GrahamCampbell",
                    "type": "github"
                },
                {
                    "url": "https://tidelift.com/funding/github/packagist/graham-campbell/result-type",
                    "type": "tidelift"
                }
            ],
            "time": "2021-11-21T21:41:47+00:00"
        },
        {
            "name": "league/flysystem",
            "version": "3.0.18",
            "source": {
                "type": "git",
                "url": "https://github.com/thephpleague/flysystem.git",
                "reference": "c8e137e594948240b03372e012344b07c61b9193"
            },
            "dist": {
                "type": "zip",
                "url": "https://api.github.com/repos/thephpleague/flysystem/zipball/c8e137e594948240b03372e012344b07c61b9193",
                "reference": "c8e137e594948240b03372e012344b07c61b9193",
                "shasum": ""
            },
            "require": {
                "league/mime-type-detection": "^1.0.0",
                "php": "^8.0.2"
            },
            "conflict": {
                "aws/aws-sdk-php": "3.209.31 || 3.210.0",
                "guzzlehttp/guzzle": "<7.0",
                "guzzlehttp/ringphp": "<1.1.1",
                "symfony/http-client": "<5.2"
            },
            "require-dev": {
                "async-aws/s3": "^1.5",
                "async-aws/simple-s3": "^1.0",
                "aws/aws-sdk-php": "^3.198.1",
                "composer/semver": "^3.0",
                "ext-fileinfo": "*",
                "ext-ftp": "*",
                "ext-zip": "*",
                "friendsofphp/php-cs-fixer": "^3.5",
                "google/cloud-storage": "^1.23",
                "microsoft/azure-storage-blob": "^1.1",
                "phpseclib/phpseclib": "^2.0",
                "phpstan/phpstan": "^0.12.26",
                "phpunit/phpunit": "^9.5.11",
                "sabre/dav": "^4.3.1"
            },
            "type": "library",
            "autoload": {
                "psr-4": {
                    "League\\Flysystem\\": "src"
                }
            },
            "notification-url": "https://packagist.org/downloads/",
            "license": [
                "MIT"
            ],
            "authors": [
                {
                    "name": "Frank de Jonge",
                    "email": "info@frankdejonge.nl"
                }
            ],
            "description": "File storage abstraction for PHP",
            "keywords": [
                "WebDAV",
                "aws",
                "cloud",
                "file",
                "files",
                "filesystem",
                "filesystems",
                "ftp",
                "s3",
                "sftp",
                "storage"
            ],
            "support": {
                "issues": "https://github.com/thephpleague/flysystem/issues",
                "source": "https://github.com/thephpleague/flysystem/tree/3.0.18"
            },
            "funding": [
                {
                    "url": "https://offset.earth/frankdejonge",
                    "type": "custom"
                },
                {
                    "url": "https://github.com/frankdejonge",
                    "type": "github"
                },
                {
                    "url": "https://tidelift.com/funding/github/packagist/league/flysystem",
                    "type": "tidelift"
                }
            ],
            "time": "2022-04-25T18:55:04+00:00"
        },
        {
            "name": "league/mime-type-detection",
            "version": "1.11.0",
            "source": {
                "type": "git",
                "url": "https://github.com/thephpleague/mime-type-detection.git",
                "reference": "ff6248ea87a9f116e78edd6002e39e5128a0d4dd"
            },
            "dist": {
                "type": "zip",
                "url": "https://api.github.com/repos/thephpleague/mime-type-detection/zipball/ff6248ea87a9f116e78edd6002e39e5128a0d4dd",
                "reference": "ff6248ea87a9f116e78edd6002e39e5128a0d4dd",
                "shasum": ""
            },
            "require": {
                "ext-fileinfo": "*",
                "php": "^7.2 || ^8.0"
            },
            "require-dev": {
                "friendsofphp/php-cs-fixer": "^3.2",
                "phpstan/phpstan": "^0.12.68",
                "phpunit/phpunit": "^8.5.8 || ^9.3"
            },
            "type": "library",
            "autoload": {
                "psr-4": {
                    "League\\MimeTypeDetection\\": "src"
                }
            },
            "notification-url": "https://packagist.org/downloads/",
            "license": [
                "MIT"
            ],
            "authors": [
                {
                    "name": "Frank de Jonge",
                    "email": "info@frankdejonge.nl"
                }
            ],
            "description": "Mime-type detection for Flysystem",
            "support": {
                "issues": "https://github.com/thephpleague/mime-type-detection/issues",
                "source": "https://github.com/thephpleague/mime-type-detection/tree/1.11.0"
            },
            "funding": [
                {
                    "url": "https://github.com/frankdejonge",
                    "type": "github"
                },
                {
                    "url": "https://tidelift.com/funding/github/packagist/league/flysystem",
                    "type": "tidelift"
                }
            ],
            "time": "2022-04-17T13:12:02+00:00"
        },
        {
            "name": "phpoption/phpoption",
            "version": "1.8.1",
            "source": {
                "type": "git",
                "url": "https://github.com/schmittjoh/php-option.git",
                "reference": "eab7a0df01fe2344d172bff4cd6dbd3f8b84ad15"
            },
            "dist": {
                "type": "zip",
                "url": "https://api.github.com/repos/schmittjoh/php-option/zipball/eab7a0df01fe2344d172bff4cd6dbd3f8b84ad15",
                "reference": "eab7a0df01fe2344d172bff4cd6dbd3f8b84ad15",
                "shasum": ""
            },
            "require": {
                "php": "^7.0 || ^8.0"
            },
            "require-dev": {
                "bamarni/composer-bin-plugin": "^1.4.1",
                "phpunit/phpunit": "^6.5.14 || ^7.5.20 || ^8.5.19 || ^9.5.8"
            },
            "type": "library",
            "extra": {
                "branch-alias": {
                    "dev-master": "1.8-dev"
                }
            },
            "autoload": {
                "psr-4": {
                    "PhpOption\\": "src/PhpOption/"
                }
            },
            "notification-url": "https://packagist.org/downloads/",
            "license": [
                "Apache-2.0"
            ],
            "authors": [
                {
                    "name": "Johannes M. Schmitt",
                    "email": "schmittjoh@gmail.com",
                    "homepage": "https://github.com/schmittjoh"
                },
                {
                    "name": "Graham Campbell",
                    "email": "hello@gjcampbell.co.uk",
                    "homepage": "https://github.com/GrahamCampbell"
                }
            ],
            "description": "Option Type for PHP",
            "keywords": [
                "language",
                "option",
                "php",
                "type"
            ],
            "support": {
                "issues": "https://github.com/schmittjoh/php-option/issues",
                "source": "https://github.com/schmittjoh/php-option/tree/1.8.1"
            },
            "funding": [
                {
                    "url": "https://github.com/GrahamCampbell",
                    "type": "github"
                },
                {
                    "url": "https://tidelift.com/funding/github/packagist/phpoption/phpoption",
                    "type": "tidelift"
                }
            ],
            "time": "2021-12-04T23:24:31+00:00"
        },
        {
            "name": "symfony/polyfill-ctype",
            "version": "v1.25.0",
            "source": {
                "type": "git",
                "url": "https://github.com/symfony/polyfill-ctype.git",
                "reference": "30885182c981ab175d4d034db0f6f469898070ab"
            },
            "dist": {
                "type": "zip",
                "url": "https://api.github.com/repos/symfony/polyfill-ctype/zipball/30885182c981ab175d4d034db0f6f469898070ab",
                "reference": "30885182c981ab175d4d034db0f6f469898070ab",
                "shasum": ""
            },
            "require": {
                "php": ">=7.1"
            },
            "provide": {
                "ext-ctype": "*"
            },
            "suggest": {
                "ext-ctype": "For best performance"
            },
            "type": "library",
            "extra": {
                "branch-alias": {
                    "dev-main": "1.23-dev"
                },
                "thanks": {
                    "name": "symfony/polyfill",
                    "url": "https://github.com/symfony/polyfill"
                }
            },
            "autoload": {
                "files": [
                    "bootstrap.php"
                ],
                "psr-4": {
                    "Symfony\\Polyfill\\Ctype\\": ""
                }
            },
            "notification-url": "https://packagist.org/downloads/",
            "license": [
                "MIT"
            ],
            "authors": [
                {
                    "name": "Gert de Pagter",
                    "email": "BackEndTea@gmail.com"
                },
                {
                    "name": "Symfony Community",
                    "homepage": "https://symfony.com/contributors"
                }
            ],
            "description": "Symfony polyfill for ctype functions",
            "homepage": "https://symfony.com",
            "keywords": [
                "compatibility",
                "ctype",
                "polyfill",
                "portable"
            ],
            "support": {
                "source": "https://github.com/symfony/polyfill-ctype/tree/v1.25.0"
            },
            "funding": [
                {
                    "url": "https://symfony.com/sponsor",
                    "type": "custom"
                },
                {
                    "url": "https://github.com/fabpot",
                    "type": "github"
                },
                {
                    "url": "https://tidelift.com/funding/github/packagist/symfony/symfony",
                    "type": "tidelift"
                }
            ],
            "time": "2021-10-20T20:35:02+00:00"
        },
        {
            "name": "symfony/polyfill-mbstring",
            "version": "v1.25.0",
            "source": {
                "type": "git",
                "url": "https://github.com/symfony/polyfill-mbstring.git",
                "reference": "0abb51d2f102e00a4eefcf46ba7fec406d245825"
            },
            "dist": {
                "type": "zip",
                "url": "https://api.github.com/repos/symfony/polyfill-mbstring/zipball/0abb51d2f102e00a4eefcf46ba7fec406d245825",
                "reference": "0abb51d2f102e00a4eefcf46ba7fec406d245825",
                "shasum": ""
            },
            "require": {
                "php": ">=7.1"
            },
            "provide": {
                "ext-mbstring": "*"
            },
            "suggest": {
                "ext-mbstring": "For best performance"
            },
            "type": "library",
            "extra": {
                "branch-alias": {
                    "dev-main": "1.23-dev"
                },
                "thanks": {
                    "name": "symfony/polyfill",
                    "url": "https://github.com/symfony/polyfill"
                }
            },
            "autoload": {
                "files": [
                    "bootstrap.php"
                ],
                "psr-4": {
                    "Symfony\\Polyfill\\Mbstring\\": ""
                }
            },
            "notification-url": "https://packagist.org/downloads/",
            "license": [
                "MIT"
            ],
            "authors": [
                {
                    "name": "Nicolas Grekas",
                    "email": "p@tchwork.com"
                },
                {
                    "name": "Symfony Community",
                    "homepage": "https://symfony.com/contributors"
                }
            ],
            "description": "Symfony polyfill for the Mbstring extension",
            "homepage": "https://symfony.com",
            "keywords": [
                "compatibility",
                "mbstring",
                "polyfill",
                "portable",
                "shim"
            ],
            "support": {
                "source": "https://github.com/symfony/polyfill-mbstring/tree/v1.25.0"
            },
            "funding": [
                {
                    "url": "https://symfony.com/sponsor",
                    "type": "custom"
                },
                {
                    "url": "https://github.com/fabpot",
                    "type": "github"
                },
                {
                    "url": "https://tidelift.com/funding/github/packagist/symfony/symfony",
                    "type": "tidelift"
                }
            ],
            "time": "2021-11-30T18:21:41+00:00"
        },
        {
            "name": "symfony/polyfill-php80",
            "version": "v1.25.0",
            "source": {
                "type": "git",
                "url": "https://github.com/symfony/polyfill-php80.git",
                "reference": "4407588e0d3f1f52efb65fbe92babe41f37fe50c"
            },
            "dist": {
                "type": "zip",
                "url": "https://api.github.com/repos/symfony/polyfill-php80/zipball/4407588e0d3f1f52efb65fbe92babe41f37fe50c",
                "reference": "4407588e0d3f1f52efb65fbe92babe41f37fe50c",
                "shasum": ""
            },
            "require": {
                "php": ">=7.1"
            },
            "type": "library",
            "extra": {
                "branch-alias": {
                    "dev-main": "1.23-dev"
                },
                "thanks": {
                    "name": "symfony/polyfill",
                    "url": "https://github.com/symfony/polyfill"
                }
            },
            "autoload": {
                "files": [
                    "bootstrap.php"
                ],
                "psr-4": {
                    "Symfony\\Polyfill\\Php80\\": ""
                },
                "classmap": [
                    "Resources/stubs"
                ]
            },
            "notification-url": "https://packagist.org/downloads/",
            "license": [
                "MIT"
            ],
            "authors": [
                {
                    "name": "Ion Bazan",
                    "email": "ion.bazan@gmail.com"
                },
                {
                    "name": "Nicolas Grekas",
                    "email": "p@tchwork.com"
                },
                {
                    "name": "Symfony Community",
                    "homepage": "https://symfony.com/contributors"
                }
            ],
            "description": "Symfony polyfill backporting some PHP 8.0+ features to lower PHP versions",
            "homepage": "https://symfony.com",
            "keywords": [
                "compatibility",
                "polyfill",
                "portable",
                "shim"
            ],
            "support": {
                "source": "https://github.com/symfony/polyfill-php80/tree/v1.25.0"
            },
            "funding": [
                {
                    "url": "https://symfony.com/sponsor",
                    "type": "custom"
                },
                {
                    "url": "https://github.com/fabpot",
                    "type": "github"
                },
                {
                    "url": "https://tidelift.com/funding/github/packagist/symfony/symfony",
                    "type": "tidelift"
                }
            ],
            "time": "2022-03-04T08:16:47+00:00"
        },
        {
            "name": "vlucas/phpdotenv",
            "version": "v5.4.1",
            "source": {
                "type": "git",
                "url": "https://github.com/vlucas/phpdotenv.git",
                "reference": "264dce589e7ce37a7ba99cb901eed8249fbec92f"
            },
            "dist": {
                "type": "zip",
                "url": "https://api.github.com/repos/vlucas/phpdotenv/zipball/264dce589e7ce37a7ba99cb901eed8249fbec92f",
                "reference": "264dce589e7ce37a7ba99cb901eed8249fbec92f",
                "shasum": ""
            },
            "require": {
                "ext-pcre": "*",
                "graham-campbell/result-type": "^1.0.2",
                "php": "^7.1.3 || ^8.0",
                "phpoption/phpoption": "^1.8",
                "symfony/polyfill-ctype": "^1.23",
                "symfony/polyfill-mbstring": "^1.23.1",
                "symfony/polyfill-php80": "^1.23.1"
            },
            "require-dev": {
                "bamarni/composer-bin-plugin": "^1.4.1",
                "ext-filter": "*",
                "phpunit/phpunit": "^7.5.20 || ^8.5.21 || ^9.5.10"
            },
            "suggest": {
                "ext-filter": "Required to use the boolean validator."
            },
            "type": "library",
            "extra": {
                "branch-alias": {
                    "dev-master": "5.4-dev"
                }
            },
            "autoload": {
                "psr-4": {
                    "Dotenv\\": "src/"
                }
            },
            "notification-url": "https://packagist.org/downloads/",
            "license": [
                "BSD-3-Clause"
            ],
            "authors": [
                {
                    "name": "Graham Campbell",
                    "email": "hello@gjcampbell.co.uk",
                    "homepage": "https://github.com/GrahamCampbell"
                },
                {
                    "name": "Vance Lucas",
                    "email": "vance@vancelucas.com",
                    "homepage": "https://github.com/vlucas"
                }
            ],
            "description": "Loads environment variables from `.env` to `getenv()`, `$_ENV` and `$_SERVER` automagically.",
            "keywords": [
                "dotenv",
                "env",
                "environment"
            ],
            "support": {
                "issues": "https://github.com/vlucas/phpdotenv/issues",
                "source": "https://github.com/vlucas/phpdotenv/tree/v5.4.1"
            },
            "funding": [
                {
                    "url": "https://github.com/GrahamCampbell",
                    "type": "github"
                },
                {
                    "url": "https://tidelift.com/funding/github/packagist/vlucas/phpdotenv",
                    "type": "tidelift"
                }
            ],
            "time": "2021-12-12T23:22:04+00:00"
        }
    ],
    "packages-dev": [
        {
            "name": "ergebnis/composer-normalize",
            "version": "2.25.2",
            "source": {
                "type": "git",
                "url": "https://github.com/ergebnis/composer-normalize.git",
                "reference": "854ca6746fbc23e285da01aa963b9c61266d56eb"
            },
            "dist": {
                "type": "zip",
                "url": "https://api.github.com/repos/ergebnis/composer-normalize/zipball/854ca6746fbc23e285da01aa963b9c61266d56eb",
                "reference": "854ca6746fbc23e285da01aa963b9c61266d56eb",
                "shasum": ""
            },
            "require": {
                "composer-plugin-api": "^2.0.0",
                "ergebnis/json-normalizer": "~2.1.0",
                "ergebnis/json-printer": "^3.2.0",
                "justinrainbow/json-schema": "^5.2.12",
                "localheinz/diff": "^1.1.1",
                "php": "^7.4 || ^8.0"
            },
            "require-dev": {
                "composer/composer": "^2.3.5",
                "ergebnis/license": "^1.2.0",
                "ergebnis/php-cs-fixer-config": "^4.4.0",
                "fakerphp/faker": "^1.19.0",
                "phpunit/phpunit": "^9.5.20",
                "psalm/plugin-phpunit": "~0.16.1",
                "symfony/filesystem": "^5.4.7",
                "vimeo/psalm": "^4.22.0"
            },
            "type": "composer-plugin",
            "extra": {
                "class": "Ergebnis\\Composer\\Normalize\\NormalizePlugin",
                "composer-normalize": {
                    "indent-size": 2,
                    "indent-style": "space"
                }
            },
            "autoload": {
                "psr-4": {
                    "Ergebnis\\Composer\\Normalize\\": "src/"
                }
            },
            "notification-url": "https://packagist.org/downloads/",
            "license": [
                "MIT"
            ],
            "authors": [
                {
                    "name": "Andreas Möller",
                    "email": "am@localheinz.com"
                }
            ],
            "description": "Provides a composer plugin for normalizing composer.json.",
            "homepage": "https://github.com/ergebnis/composer-normalize",
            "keywords": [
                "composer",
                "normalize",
                "normalizer",
                "plugin"
            ],
            "support": {
                "issues": "https://github.com/ergebnis/composer-normalize/issues",
                "source": "https://github.com/ergebnis/composer-normalize"
            },
            "funding": [
                {
                    "url": "https://github.com/localheinz",
                    "type": "github"
                }
            ],
            "time": "2022-04-20T07:53:13+00:00"
        },
        {
            "name": "ergebnis/json-normalizer",
            "version": "2.1.0",
            "source": {
                "type": "git",
                "url": "https://github.com/ergebnis/json-normalizer.git",
                "reference": "2039eb11131a243b9204bf51219baa08935e6b1d"
            },
            "dist": {
                "type": "zip",
                "url": "https://api.github.com/repos/ergebnis/json-normalizer/zipball/2039eb11131a243b9204bf51219baa08935e6b1d",
                "reference": "2039eb11131a243b9204bf51219baa08935e6b1d",
                "shasum": ""
            },
            "require": {
                "ergebnis/json-printer": "^3.2.0",
                "ergebnis/json-schema-validator": "^2.0.0",
                "ext-json": "*",
                "justinrainbow/json-schema": "^5.2.11",
                "php": "^7.4 || ^8.0"
            },
            "require-dev": {
                "ergebnis/data-provider": "^1.0.0",
                "ergebnis/license": "^1.2.0",
                "ergebnis/php-cs-fixer-config": "^3.4.0",
                "fakerphp/faker": "^1.17.0",
                "infection/infection": "~0.25.5",
                "phpunit/phpunit": "^9.5.11",
                "psalm/plugin-phpunit": "~0.16.1",
                "vimeo/psalm": "^4.17.0"
            },
            "type": "library",
            "autoload": {
                "psr-4": {
                    "Ergebnis\\Json\\Normalizer\\": "src/"
                }
            },
            "notification-url": "https://packagist.org/downloads/",
            "license": [
                "MIT"
            ],
            "authors": [
                {
                    "name": "Andreas Möller",
                    "email": "am@localheinz.com"
                }
            ],
            "description": "Provides generic and vendor-specific normalizers for normalizing JSON documents.",
            "homepage": "https://github.com/ergebnis/json-normalizer",
            "keywords": [
                "json",
                "normalizer"
            ],
            "support": {
                "issues": "https://github.com/ergebnis/json-normalizer/issues",
                "source": "https://github.com/ergebnis/json-normalizer"
            },
            "funding": [
                {
                    "url": "https://github.com/localheinz",
                    "type": "github"
                }
            ],
            "time": "2022-01-04T11:19:55+00:00"
        },
        {
            "name": "ergebnis/json-printer",
            "version": "3.2.0",
            "source": {
                "type": "git",
                "url": "https://github.com/ergebnis/json-printer.git",
                "reference": "651cab2b7604a6b338d0d16749f5ea0851a68005"
            },
            "dist": {
                "type": "zip",
                "url": "https://api.github.com/repos/ergebnis/json-printer/zipball/651cab2b7604a6b338d0d16749f5ea0851a68005",
                "reference": "651cab2b7604a6b338d0d16749f5ea0851a68005",
                "shasum": ""
            },
            "require": {
                "ext-json": "*",
                "ext-mbstring": "*",
                "php": "^7.4 || ^8.0"
            },
            "require-dev": {
                "ergebnis/license": "^1.1.0",
                "ergebnis/php-cs-fixer-config": "^3.4.0",
                "fakerphp/faker": "^1.17.0",
                "infection/infection": "~0.25.5",
                "phpunit/phpunit": "^9.5.11",
                "psalm/plugin-phpunit": "~0.16.1",
                "vimeo/psalm": "^4.16.1"
            },
            "type": "library",
            "autoload": {
                "psr-4": {
                    "Ergebnis\\Json\\Printer\\": "src/"
                }
            },
            "notification-url": "https://packagist.org/downloads/",
            "license": [
                "MIT"
            ],
            "authors": [
                {
                    "name": "Andreas Möller",
                    "email": "am@localheinz.com"
                }
            ],
            "description": "Provides a JSON printer, allowing for flexible indentation.",
            "homepage": "https://github.com/ergebnis/json-printer",
            "keywords": [
                "formatter",
                "json",
                "printer"
            ],
            "support": {
                "issues": "https://github.com/ergebnis/json-printer/issues",
                "source": "https://github.com/ergebnis/json-printer"
            },
            "funding": [
                {
                    "url": "https://github.com/localheinz",
                    "type": "github"
                }
            ],
            "time": "2021-12-27T12:39:13+00:00"
        },
        {
            "name": "ergebnis/json-schema-validator",
            "version": "2.0.0",
            "source": {
                "type": "git",
                "url": "https://github.com/ergebnis/json-schema-validator.git",
                "reference": "dacd8a47c1cc2c426ec71e952da3609ebe901fac"
            },
            "dist": {
                "type": "zip",
                "url": "https://api.github.com/repos/ergebnis/json-schema-validator/zipball/dacd8a47c1cc2c426ec71e952da3609ebe901fac",
                "reference": "dacd8a47c1cc2c426ec71e952da3609ebe901fac",
                "shasum": ""
            },
            "require": {
                "ext-json": "*",
                "justinrainbow/json-schema": "^5.2.10",
                "php": "^7.4 || ^8.0"
            },
            "require-dev": {
                "ergebnis/composer-normalize": "^2.18.0",
                "ergebnis/data-provider": "^1.0.0",
                "ergebnis/license": "^1.1.0",
                "ergebnis/php-cs-fixer-config": "~3.4.0",
                "fakerphp/faker": "^1.17.0",
                "infection/infection": "~0.25.3",
                "phpunit/phpunit": "~9.5.10",
                "psalm/plugin-phpunit": "~0.16.1",
                "vimeo/psalm": "^4.15.0"
            },
            "type": "library",
            "extra": {
                "composer-normalize": {
                    "indent-size": 2,
                    "indent-style": "space"
                }
            },
            "autoload": {
                "psr-4": {
                    "Ergebnis\\Json\\SchemaValidator\\": "src/"
                }
            },
            "notification-url": "https://packagist.org/downloads/",
            "license": [
                "MIT"
            ],
            "authors": [
                {
                    "name": "Andreas Möller",
                    "email": "am@localheinz.com"
                }
            ],
            "description": "Provides a JSON schema validator, building on top of justinrainbow/json-schema.",
            "homepage": "https://github.com/ergebnis/json-schema-validator",
            "keywords": [
                "json",
                "schema",
                "validator"
            ],
            "support": {
                "issues": "https://github.com/ergebnis/json-schema-validator/issues",
                "source": "https://github.com/ergebnis/json-schema-validator"
            },
            "funding": [
                {
                    "url": "https://github.com/localheinz",
                    "type": "github"
                }
            ],
            "time": "2021-12-13T16:54:56+00:00"
        },
        {
            "name": "justinrainbow/json-schema",
            "version": "5.2.12",
            "source": {
                "type": "git",
                "url": "https://github.com/justinrainbow/json-schema.git",
                "reference": "ad87d5a5ca981228e0e205c2bc7dfb8e24559b60"
            },
            "dist": {
                "type": "zip",
                "url": "https://api.github.com/repos/justinrainbow/json-schema/zipball/ad87d5a5ca981228e0e205c2bc7dfb8e24559b60",
                "reference": "ad87d5a5ca981228e0e205c2bc7dfb8e24559b60",
                "shasum": ""
            },
            "require": {
                "php": ">=5.3.3"
            },
            "require-dev": {
                "friendsofphp/php-cs-fixer": "~2.2.20||~2.15.1",
                "json-schema/json-schema-test-suite": "1.2.0",
                "phpunit/phpunit": "^4.8.35"
            },
            "bin": [
                "bin/validate-json"
            ],
            "type": "library",
            "extra": {
                "branch-alias": {
                    "dev-master": "5.0.x-dev"
                }
            },
            "autoload": {
                "psr-4": {
                    "JsonSchema\\": "src/JsonSchema/"
                }
            },
            "notification-url": "https://packagist.org/downloads/",
            "license": [
                "MIT"
            ],
            "authors": [
                {
                    "name": "Bruno Prieto Reis",
                    "email": "bruno.p.reis@gmail.com"
                },
                {
                    "name": "Justin Rainbow",
                    "email": "justin.rainbow@gmail.com"
                },
                {
                    "name": "Igor Wiedler",
                    "email": "igor@wiedler.ch"
                },
                {
                    "name": "Robert Schönthal",
                    "email": "seroscho@googlemail.com"
                }
            ],
            "description": "A library to validate a json schema.",
            "homepage": "https://github.com/justinrainbow/json-schema",
            "keywords": [
                "json",
                "schema"
            ],
            "support": {
                "issues": "https://github.com/justinrainbow/json-schema/issues",
                "source": "https://github.com/justinrainbow/json-schema/tree/5.2.12"
            },
            "time": "2022-04-13T08:02:27+00:00"
        },
        {
            "name": "localheinz/diff",
            "version": "1.1.1",
            "source": {
                "type": "git",
                "url": "https://github.com/localheinz/diff.git",
                "reference": "851bb20ea8358c86f677f5f111c4ab031b1c764c"
            },
            "dist": {
                "type": "zip",
                "url": "https://api.github.com/repos/localheinz/diff/zipball/851bb20ea8358c86f677f5f111c4ab031b1c764c",
                "reference": "851bb20ea8358c86f677f5f111c4ab031b1c764c",
                "shasum": ""
            },
            "require": {
                "php": "^7.1 || ^8.0"
            },
            "require-dev": {
                "phpunit/phpunit": "^7.5 || ^8.0",
                "symfony/process": "^4.2 || ^5"
            },
            "type": "library",
            "autoload": {
                "classmap": [
                    "src/"
                ]
            },
            "notification-url": "https://packagist.org/downloads/",
            "license": [
                "BSD-3-Clause"
            ],
            "authors": [
                {
                    "name": "Sebastian Bergmann",
                    "email": "sebastian@phpunit.de"
                },
                {
                    "name": "Kore Nordmann",
                    "email": "mail@kore-nordmann.de"
                }
            ],
            "description": "Fork of sebastian/diff for use with ergebnis/composer-normalize",
            "homepage": "https://github.com/localheinz/diff",
            "keywords": [
                "diff",
                "udiff",
                "unidiff",
                "unified diff"
            ],
            "support": {
                "source": "https://github.com/localheinz/diff/tree/main"
            },
            "funding": [
                {
                    "url": "https://github.com/sebastianbergmann",
                    "type": "github"
                }
            ],
            "time": "2020-07-06T04:49:32+00:00"
        },
        {
            "name": "symfony/var-dumper",
            "version": "v6.0.8",
            "source": {
                "type": "git",
                "url": "https://github.com/symfony/var-dumper.git",
                "reference": "fa61dfb4bd3068df2492013dc65f3190e9f550c0"
            },
            "dist": {
                "type": "zip",
                "url": "https://api.github.com/repos/symfony/var-dumper/zipball/fa61dfb4bd3068df2492013dc65f3190e9f550c0",
                "reference": "fa61dfb4bd3068df2492013dc65f3190e9f550c0",
                "shasum": ""
            },
            "require": {
                "php": ">=8.0.2",
                "symfony/polyfill-mbstring": "~1.0"
            },
            "conflict": {
                "phpunit/phpunit": "<5.4.3",
                "symfony/console": "<5.4"
            },
            "require-dev": {
                "ext-iconv": "*",
                "symfony/console": "^5.4|^6.0",
                "symfony/process": "^5.4|^6.0",
                "symfony/uid": "^5.4|^6.0",
                "twig/twig": "^2.13|^3.0.4"
            },
            "suggest": {
                "ext-iconv": "To convert non-UTF-8 strings to UTF-8 (or symfony/polyfill-iconv in case ext-iconv cannot be used).",
                "ext-intl": "To show region name in time zone dump",
                "symfony/console": "To use the ServerDumpCommand and/or the bin/var-dump-server script"
            },
            "bin": [
                "Resources/bin/var-dump-server"
            ],
            "type": "library",
            "autoload": {
                "files": [
                    "Resources/functions/dump.php"
                ],
                "psr-4": {
                    "Symfony\\Component\\VarDumper\\": ""
                },
                "exclude-from-classmap": [
                    "/Tests/"
                ]
            },
            "notification-url": "https://packagist.org/downloads/",
            "license": [
                "MIT"
            ],
            "authors": [
                {
                    "name": "Nicolas Grekas",
                    "email": "p@tchwork.com"
                },
                {
                    "name": "Symfony Community",
                    "homepage": "https://symfony.com/contributors"
                }
            ],
            "description": "Provides mechanisms for walking through any arbitrary PHP variable",
            "homepage": "https://symfony.com",
            "keywords": [
                "debug",
                "dump"
            ],
            "support": {
                "source": "https://github.com/symfony/var-dumper/tree/v6.0.8"
            },
            "funding": [
                {
                    "url": "https://symfony.com/sponsor",
                    "type": "custom"
                },
                {
                    "url": "https://github.com/fabpot",
                    "type": "github"
                },
                {
                    "url": "https://tidelift.com/funding/github/packagist/symfony/symfony",
                    "type": "tidelift"
                }
            ],
            "time": "2022-04-26T13:22:23+00:00"
        }
    ],
    "aliases": [],
    "minimum-stability": "stable",
    "stability-flags": [],
    "prefer-stable": false,
    "prefer-lowest": false,
    "platform": [],
    "platform-dev": [],
    "plugin-api-version": "2.2.0"
}
